
Microsoft Visual Studio Solution File, Format Version 12.00
# Visual Studio Version 16
VisualStudioVersion = 16.0.31005.135
MinimumVisualStudioVersion = 10.0.40219.1
Project("{9A19103F-16F7-4668-BE54-9A1E7A4F7556}") = "WordAnalyzer", "WordAnalyzer\WordAnalyzer.csproj", "{95D79BB6-D731-41D8-8455-B3B55742F9A4}"
EndProject
Project("{FAE04EC0-301F-11D3-BF4B-00C04F79EFBC}") = "WordAnalyzer.Domain", "WordAnalyzer.Domain\WordAnalyzer.Domain.csproj", "{4C0FE93C-DFD7-4633-A664-E98E2FFB7F50}"
EndProject
Global
	GlobalSection(SolutionConfigurationPlatforms) = preSolution
		Debug|Any CPU = Debug|Any CPU
		Release|Any CPU = Release|Any CPU
	EndGlobalSection
	GlobalSection(ProjectConfigurationPlatforms) = postSolution
		{95D79BB6-D731-41D8-8455-B3B55742F9A4}.Debug|Any CPU.ActiveCfg = Debug|Any CPU
		{95D79BB6-D731-41D8-8455-B3B55742F9A4}.Debug|Any CPU.Build.0 = Debug|Any CPU
		{95D79BB6-D731-41D8-8455-B3B55742F9A4}.Release|Any CPU.ActiveCfg = Release|Any CPU
		{95D79BB6-D731-41D8-8455-B3B55742F9A4}.Release|Any CPU.Build.0 = Release|Any CPU
		{4C0FE93C-DFD7-4633-A664-E98E2FFB7F50}.Debug|Any CPU.ActiveCfg = Debug|Any CPU
		{4C0FE93C-DFD7-4633-A664-E98E2FFB7F50}.Debug|Any CPU.Build.0 = Debug|Any CPU
		{4C0FE93C-DFD7-4633-A664-E98E2FFB7F50}.Release|Any CPU.ActiveCfg = Release|Any CPU
		{4C0FE93C-DFD7-4633-A664-E98E2FFB7F50}.Release|Any CPU.Build.0 = Release|Any CPU
	EndGlobalSection
	GlobalSection(SolutionProperties) = preSolution
		HideSolutionNode = FALSE
	EndGlobalSection
	GlobalSection(ExtensibilityGlobals) = postSolution
		SolutionGuid = {EE3D4521-5006-45F5-8C23-7796F228CB5E}
	EndGlobalSection
EndGlobal
